// !$*UTF8*$!
{
	archiveVersion = 1;
	classes = {
	};
	objectVersion = 56;
	objects = {

/* Begin PBXBuildFile section */
		710C01E32B4347A800EC956B /* MockData.swift in Sources */ = {isa = PBXBuildFile; fileRef = 710C01DF2B43455800EC956B /* MockData.swift */; };
		710C01E42B434A7700EC956B /* RepoMediumView.swift in Sources */ = {isa = PBXBuildFile; fileRef = 7153ACBE2B38976800A86085 /* RepoMediumView.swift */; };
		710C01E52B434AB100EC956B /* MockData.swift in Sources */ = {isa = PBXBuildFile; fileRef = 710C01DF2B43455800EC956B /* MockData.swift */; };
		710C01E62B434AF800EC956B /* CompactRepoWidget.swift in Sources */ = {isa = PBXBuildFile; fileRef = 719A5A392B37C14900E0524F /* CompactRepoWidget.swift */; };
		7153ACC02B38977300A86085 /* RepoMediumView.swift in Sources */ = {isa = PBXBuildFile; fileRef = 7153ACBE2B38976800A86085 /* RepoMediumView.swift */; };
		719A5A1F2B37C13000E0524F /* RepoWatcherApp.swift in Sources */ = {isa = PBXBuildFile; fileRef = 719A5A1E2B37C13000E0524F /* RepoWatcherApp.swift */; };
		719A5A212B37C13000E0524F /* ContentView.swift in Sources */ = {isa = PBXBuildFile; fileRef = 719A5A202B37C13000E0524F /* ContentView.swift */; };
		719A5A232B37C13000E0524F /* Assets.xcassets in Resources */ = {isa = PBXBuildFile; fileRef = 719A5A222B37C13000E0524F /* Assets.xcassets */; };
		719A5A262B37C13000E0524F /* Preview Assets.xcassets in Resources */ = {isa = PBXBuildFile; fileRef = 719A5A252B37C13000E0524F /* Preview Assets.xcassets */; };
		719A5A332B37C14900E0524F /* WidgetKit.framework in Frameworks */ = {isa = PBXBuildFile; fileRef = 719A5A322B37C14900E0524F /* WidgetKit.framework */; };
		719A5A352B37C14900E0524F /* SwiftUI.framework in Frameworks */ = {isa = PBXBuildFile; fileRef = 719A5A342B37C14900E0524F /* SwiftUI.framework */; };
		719A5A382B37C14900E0524F /* RepoWatcherWidgets.swift in Sources */ = {isa = PBXBuildFile; fileRef = 719A5A372B37C14900E0524F /* RepoWatcherWidgets.swift */; };
		719A5A3A2B37C14900E0524F /* CompactRepoWidget.swift in Sources */ = {isa = PBXBuildFile; fileRef = 719A5A392B37C14900E0524F /* CompactRepoWidget.swift */; };
		719A5A3C2B37C14900E0524F /* Assets.xcassets in Resources */ = {isa = PBXBuildFile; fileRef = 719A5A3B2B37C14900E0524F /* Assets.xcassets */; };
		719A5A402B37C14900E0524F /* RepoWatcherWidgetExtension.appex in Embed Foundation Extensions */ = {isa = PBXBuildFile; fileRef = 719A5A302B37C14900E0524F /* RepoWatcherWidgetExtension.appex */; settings = {ATTRIBUTES = (RemoveHeadersOnCopy, ); }; };
		719A5A472B37C57D00E0524F /* Repository.swift in Sources */ = {isa = PBXBuildFile; fileRef = 719A5A452B37C57900E0524F /* Repository.swift */; };
		719A5A482B37C58300E0524F /* Repository.swift in Sources */ = {isa = PBXBuildFile; fileRef = 719A5A452B37C57900E0524F /* Repository.swift */; };
		719A5A4A2B37D03A00E0524F /* NetworkManager.swift in Sources */ = {isa = PBXBuildFile; fileRef = 719A5A492B37D03A00E0524F /* NetworkManager.swift */; };
		719A5A4B2B37D03A00E0524F /* NetworkManager.swift in Sources */ = {isa = PBXBuildFile; fileRef = 719A5A492B37D03A00E0524F /* NetworkManager.swift */; };
		71F8FBC52B4355C3007B61BE /* ContributorWidget.swift in Sources */ = {isa = PBXBuildFile; fileRef = 71F8FBC42B4355C3007B61BE /* ContributorWidget.swift */; };
/* End PBXBuildFile section */

/* Begin PBXContainerItemProxy section */
		719A5A3E2B37C14900E0524F /* PBXContainerItemProxy */ = {
			isa = PBXContainerItemProxy;
			containerPortal = 719A5A132B37C13000E0524F /* Project object */;
			proxyType = 1;
			remoteGlobalIDString = 719A5A2F2B37C14900E0524F;
			remoteInfo = RepoWatcherWidgetExtension;
		};
/* End PBXContainerItemProxy section */

/* Begin PBXCopyFilesBuildPhase section */
		719A5A442B37C14900E0524F /* Embed Foundation Extensions */ = {
			isa = PBXCopyFilesBuildPhase;
			buildActionMask = 2147483647;
			dstPath = "";
			dstSubfolderSpec = 13;
			files = (
				719A5A402B37C14900E0524F /* RepoWatcherWidgetExtension.appex in Embed Foundation Extensions */,
			);
			name = "Embed Foundation Extensions";
			runOnlyForDeploymentPostprocessing = 0;
		};
/* End PBXCopyFilesBuildPhase section */

/* Begin PBXFileReference section */
		710C01DF2B43455800EC956B /* MockData.swift */ = {isa = PBXFileReference; lastKnownFileType = sourcecode.swift; path = MockData.swift; sourceTree = "<group>"; };
		7153ACBE2B38976800A86085 /* RepoMediumView.swift */ = {isa = PBXFileReference; lastKnownFileType = sourcecode.swift; path = RepoMediumView.swift; sourceTree = "<group>"; };
		719A5A1B2B37C13000E0524F /* RepoWatcher.app */ = {isa = PBXFileReference; explicitFileType = wrapper.application; includeInIndex = 0; path = RepoWatcher.app; sourceTree = BUILT_PRODUCTS_DIR; };
		719A5A1E2B37C13000E0524F /* RepoWatcherApp.swift */ = {isa = PBXFileReference; lastKnownFileType = sourcecode.swift; path = RepoWatcherApp.swift; sourceTree = "<group>"; };
		719A5A202B37C13000E0524F /* ContentView.swift */ = {isa = PBXFileReference; lastKnownFileType = sourcecode.swift; path = ContentView.swift; sourceTree = "<group>"; };
		719A5A222B37C13000E0524F /* Assets.xcassets */ = {isa = PBXFileReference; lastKnownFileType = folder.assetcatalog; path = Assets.xcassets; sourceTree = "<group>"; };
		719A5A252B37C13000E0524F /* Preview Assets.xcassets */ = {isa = PBXFileReference; lastKnownFileType = folder.assetcatalog; path = "Preview Assets.xcassets"; sourceTree = "<group>"; };
		719A5A302B37C14900E0524F /* RepoWatcherWidgetExtension.appex */ = {isa = PBXFileReference; explicitFileType = "wrapper.app-extension"; includeInIndex = 0; path = RepoWatcherWidgetExtension.appex; sourceTree = BUILT_PRODUCTS_DIR; };
		719A5A322B37C14900E0524F /* WidgetKit.framework */ = {isa = PBXFileReference; lastKnownFileType = wrapper.framework; name = WidgetKit.framework; path = System/Library/Frameworks/WidgetKit.framework; sourceTree = SDKROOT; };
		719A5A342B37C14900E0524F /* SwiftUI.framework */ = {isa = PBXFileReference; lastKnownFileType = wrapper.framework; name = SwiftUI.framework; path = System/Library/Frameworks/SwiftUI.framework; sourceTree = SDKROOT; };
		719A5A372B37C14900E0524F /* RepoWatcherWidgets.swift */ = {isa = PBXFileReference; lastKnownFileType = sourcecode.swift; path = RepoWatcherWidgets.swift; sourceTree = "<group>"; };
		719A5A392B37C14900E0524F /* CompactRepoWidget.swift */ = {isa = PBXFileReference; lastKnownFileType = sourcecode.swift; path = CompactRepoWidget.swift; sourceTree = "<group>"; };
		719A5A3B2B37C14900E0524F /* Assets.xcassets */ = {isa = PBXFileReference; lastKnownFileType = folder.assetcatalog; path = Assets.xcassets; sourceTree = "<group>"; };
		719A5A3D2B37C14900E0524F /* Info.plist */ = {isa = PBXFileReference; lastKnownFileType = text.plist.xml; path = Info.plist; sourceTree = "<group>"; };
		719A5A452B37C57900E0524F /* Repository.swift */ = {isa = PBXFileReference; lastKnownFileType = sourcecode.swift; path = Repository.swift; sourceTree = "<group>"; };
		719A5A492B37D03A00E0524F /* NetworkManager.swift */ = {isa = PBXFileReference; lastKnownFileType = sourcecode.swift; path = NetworkManager.swift; sourceTree = "<group>"; };
		71F8FBC42B4355C3007B61BE /* ContributorWidget.swift */ = {isa = PBXFileReference; lastKnownFileType = sourcecode.swift; path = ContributorWidget.swift; sourceTree = "<group>"; };
/* End PBXFileReference section */

/* Begin PBXFrameworksBuildPhase section */
		719A5A182B37C13000E0524F /* Frameworks */ = {
			isa = PBXFrameworksBuildPhase;
			buildActionMask = 2147483647;
			files = (
			);
			runOnlyForDeploymentPostprocessing = 0;
		};
		719A5A2D2B37C14900E0524F /* Frameworks */ = {
			isa = PBXFrameworksBuildPhase;
			buildActionMask = 2147483647;
			files = (
				719A5A352B37C14900E0524F /* SwiftUI.framework in Frameworks */,
				719A5A332B37C14900E0524F /* WidgetKit.framework in Frameworks */,
			);
			runOnlyForDeploymentPostprocessing = 0;
		};
/* End PBXFrameworksBuildPhase section */

/* Begin PBXGroup section */
		710C01DE2B433F1200EC956B /* Models */ = {
			isa = PBXGroup;
			children = (
				719A5A452B37C57900E0524F /* Repository.swift */,
				710C01DF2B43455800EC956B /* MockData.swift */,
			);
			path = Models;
			sourceTree = "<group>";
		};
		719A5A122B37C13000E0524F = {
			isa = PBXGroup;
			children = (
				719A5A492B37D03A00E0524F /* NetworkManager.swift */,
				719A5A1D2B37C13000E0524F /* RepoWatcher */,
				719A5A362B37C14900E0524F /* RepoWatcherWidget */,
				719A5A312B37C14900E0524F /* Frameworks */,
				719A5A1C2B37C13000E0524F /* Products */,
			);
			sourceTree = "<group>";
		};
		719A5A1C2B37C13000E0524F /* Products */ = {
			isa = PBXGroup;
			children = (
				719A5A1B2B37C13000E0524F /* RepoWatcher.app */,
				719A5A302B37C14900E0524F /* RepoWatcherWidgetExtension.appex */,
			);
			name = Products;
			sourceTree = "<group>";
		};
		719A5A1D2B37C13000E0524F /* RepoWatcher */ = {
			isa = PBXGroup;
			children = (
				719A5A1E2B37C13000E0524F /* RepoWatcherApp.swift */,
				719A5A202B37C13000E0524F /* ContentView.swift */,
				719A5A222B37C13000E0524F /* Assets.xcassets */,
				719A5A242B37C13000E0524F /* Preview Content */,
			);
			path = RepoWatcher;
			sourceTree = "<group>";
		};
		719A5A242B37C13000E0524F /* Preview Content */ = {
			isa = PBXGroup;
			children = (
				719A5A252B37C13000E0524F /* Preview Assets.xcassets */,
			);
			path = "Preview Content";
			sourceTree = "<group>";
		};
		719A5A312B37C14900E0524F /* Frameworks */ = {
			isa = PBXGroup;
			children = (
				719A5A322B37C14900E0524F /* WidgetKit.framework */,
				719A5A342B37C14900E0524F /* SwiftUI.framework */,
			);
			name = Frameworks;
			sourceTree = "<group>";
		};
		719A5A362B37C14900E0524F /* RepoWatcherWidget */ = {
			isa = PBXGroup;
			children = (
				710C01DE2B433F1200EC956B /* Models */,
				719A5A372B37C14900E0524F /* RepoWatcherWidgets.swift */,
				719A5A392B37C14900E0524F /* CompactRepoWidget.swift */,
				7153ACBE2B38976800A86085 /* RepoMediumView.swift */,
				71F8FBC42B4355C3007B61BE /* ContributorWidget.swift */,
				719A5A3B2B37C14900E0524F /* Assets.xcassets */,
				719A5A3D2B37C14900E0524F /* Info.plist */,
			);
			path = RepoWatcherWidget;
			sourceTree = "<group>";
		};
/* End PBXGroup section */

/* Begin PBXNativeTarget section */
		719A5A1A2B37C13000E0524F /* RepoWatcher */ = {
			isa = PBXNativeTarget;
			buildConfigurationList = 719A5A292B37C13000E0524F /* Build configuration list for PBXNativeTarget "RepoWatcher" */;
			buildPhases = (
				719A5A172B37C13000E0524F /* Sources */,
				719A5A182B37C13000E0524F /* Frameworks */,
				719A5A192B37C13000E0524F /* Resources */,
				719A5A442B37C14900E0524F /* Embed Foundation Extensions */,
			);
			buildRules = (
			);
			dependencies = (
				719A5A3F2B37C14900E0524F /* PBXTargetDependency */,
			);
			name = RepoWatcher;
			productName = RepoWatcher;
			productReference = 719A5A1B2B37C13000E0524F /* RepoWatcher.app */;
			productType = "com.apple.product-type.application";
		};
		719A5A2F2B37C14900E0524F /* RepoWatcherWidgetExtension */ = {
			isa = PBXNativeTarget;
			buildConfigurationList = 719A5A412B37C14900E0524F /* Build configuration list for PBXNativeTarget "RepoWatcherWidgetExtension" */;
			buildPhases = (
				719A5A2C2B37C14900E0524F /* Sources */,
				719A5A2D2B37C14900E0524F /* Frameworks */,
				719A5A2E2B37C14900E0524F /* Resources */,
			);
			buildRules = (
			);
			dependencies = (
			);
			name = RepoWatcherWidgetExtension;
			productName = RepoWatcherWidgetExtension;
			productReference = 719A5A302B37C14900E0524F /* RepoWatcherWidgetExtension.appex */;
			productType = "com.apple.product-type.app-extension";
		};
/* End PBXNativeTarget section */

/* Begin PBXProject section */
		719A5A132B37C13000E0524F /* Project object */ = {
			isa = PBXProject;
			attributes = {
				BuildIndependentTargetsInParallel = 1;
				LastSwiftUpdateCheck = 1500;
				LastUpgradeCheck = 1500;
				TargetAttributes = {
					719A5A1A2B37C13000E0524F = {
						CreatedOnToolsVersion = 15.0.1;
					};
					719A5A2F2B37C14900E0524F = {
						CreatedOnToolsVersion = 15.0.1;
					};
				};
			};
			buildConfigurationList = 719A5A162B37C13000E0524F /* Build configuration list for PBXProject "RepoWatcher" */;
			compatibilityVersion = "Xcode 14.0";
			developmentRegion = en;
			hasScannedForEncodings = 0;
			knownRegions = (
				en,
				Base,
			);
			mainGroup = 719A5A122B37C13000E0524F;
			productRefGroup = 719A5A1C2B37C13000E0524F /* Products */;
			projectDirPath = "";
			projectRoot = "";
			targets = (
				719A5A1A2B37C13000E0524F /* RepoWatcher */,
				719A5A2F2B37C14900E0524F /* RepoWatcherWidgetExtension */,
			);
		};
/* End PBXProject section */

/* Begin PBXResourcesBuildPhase section */
		719A5A192B37C13000E0524F /* Resources */ = {
			isa = PBXResourcesBuildPhase;
			buildActionMask = 2147483647;
			files = (
				719A5A262B37C13000E0524F /* Preview Assets.xcassets in Resources */,
				719A5A232B37C13000E0524F /* Assets.xcassets in Resources */,
			);
			runOnlyForDeploymentPostprocessing = 0;
		};
		719A5A2E2B37C14900E0524F /* Resources */ = {
			isa = PBXResourcesBuildPhase;
			buildActionMask = 2147483647;
			files = (
				719A5A3C2B37C14900E0524F /* Assets.xcassets in Resources */,
			);
			runOnlyForDeploymentPostprocessing = 0;
		};
/* End PBXResourcesBuildPhase section */

/* Begin PBXSourcesBuildPhase section */
		719A5A172B37C13000E0524F /* Sources */ = {
			isa = PBXSourcesBuildPhase;
			buildActionMask = 2147483647;
			files = (
				719A5A4A2B37D03A00E0524F /* NetworkManager.swift in Sources */,
				710C01E52B434AB100EC956B /* MockData.swift in Sources */,
				710C01E62B434AF800EC956B /* CompactRepoWidget.swift in Sources */,
				710C01E42B434A7700EC956B /* RepoMediumView.swift in Sources */,
				719A5A212B37C13000E0524F /* ContentView.swift in Sources */,
				719A5A1F2B37C13000E0524F /* RepoWatcherApp.swift in Sources */,
				719A5A482B37C58300E0524F /* Repository.swift in Sources */,
			);
			runOnlyForDeploymentPostprocessing = 0;
		};
		719A5A2C2B37C14900E0524F /* Sources */ = {
			isa = PBXSourcesBuildPhase;
			buildActionMask = 2147483647;
			files = (
				71F8FBC52B4355C3007B61BE /* ContributorWidget.swift in Sources */,
				719A5A4B2B37D03A00E0524F /* NetworkManager.swift in Sources */,
				710C01E32B4347A800EC956B /* MockData.swift in Sources */,
				7153ACC02B38977300A86085 /* RepoMediumView.swift in Sources */,
				719A5A3A2B37C14900E0524F /* CompactRepoWidget.swift in Sources */,
				719A5A382B37C14900E0524F /* RepoWatcherWidgets.swift in Sources */,
				719A5A472B37C57D00E0524F /* Repository.swift in Sources */,
			);
			runOnlyForDeploymentPostprocessing = 0;
		};
/* End PBXSourcesBuildPhase section */

/* Begin PBXTargetDependency section */
		719A5A3F2B37C14900E0524F /* PBXTargetDependency */ = {
			isa = PBXTargetDependency;
			target = 719A5A2F2B37C14900E0524F /* RepoWatcherWidgetExtension */;
			targetProxy = 719A5A3E2B37C14900E0524F /* PBXContainerItemProxy */;
		};
/* End PBXTargetDependency section */

/* Begin XCBuildConfiguration section */
		719A5A272B37C13000E0524F /* Debug */ = {
			isa = XCBuildConfiguration;
			buildSettings = {
				ALWAYS_SEARCH_USER_PATHS = NO;
				ASSETCATALOG_COMPILER_GENERATE_SWIFT_ASSET_SYMBOL_EXTENSIONS = YES;
				CLANG_ANALYZER_NONNULL = YES;
				CLANG_ANALYZER_NUMBER_OBJECT_CONVERSION = YES_AGGRESSIVE;
				CLANG_CXX_LANGUAGE_STANDARD = "gnu++20";
				CLANG_ENABLE_MODULES = YES;
				CLANG_ENABLE_OBJC_ARC = YES;
				CLANG_ENABLE_OBJC_WEAK = YES;
				CLANG_WARN_BLOCK_CAPTURE_AUTORELEASING = YES;
				CLANG_WARN_BOOL_CONVERSION = YES;
				CLANG_WARN_COMMA = YES;
				CLANG_WARN_CONSTANT_CONVERSION = YES;
				CLANG_WARN_DEPRECATED_OBJC_IMPLEMENTATIONS = YES;
				CLANG_WARN_DIRECT_OBJC_ISA_USAGE = YES_ERROR;
				CLANG_WARN_DOCUMENTATION_COMMENTS = YES;
				CLANG_WARN_EMPTY_BODY = YES;
				CLANG_WARN_ENUM_CONVERSION = YES;
				CLANG_WARN_INFINITE_RECURSION = YES;
				CLANG_WARN_INT_CONVERSION = YES;
				CLANG_WARN_NON_LITERAL_NULL_CONVERSION = YES;
				CLANG_WARN_OBJC_IMPLICIT_RETAIN_SELF = YES;
				CLANG_WARN_OBJC_LITERAL_CONVERSION = YES;
				CLANG_WARN_OBJC_ROOT_CLASS = YES_ERROR;
				CLANG_WARN_QUOTED_INCLUDE_IN_FRAMEWORK_HEADER = YES;
				CLANG_WARN_RANGE_LOOP_ANALYSIS = YES;
				CLANG_WARN_STRICT_PROTOTYPES = YES;
				CLANG_WARN_SUSPICIOUS_MOVE = YES;
				CLANG_WARN_UNGUARDED_AVAILABILITY = YES_AGGRESSIVE;
				CLANG_WARN_UNREACHABLE_CODE = YES;
				CLANG_WARN__DUPLICATE_METHOD_MATCH = YES;
				COPY_PHASE_STRIP = NO;
				DEBUG_INFORMATION_FORMAT = dwarf;
				ENABLE_STRICT_OBJC_MSGSEND = YES;
				ENABLE_TESTABILITY = YES;
				ENABLE_USER_SCRIPT_SANDBOXING = YES;
				GCC_C_LANGUAGE_STANDARD = gnu17;
				GCC_DYNAMIC_NO_PIC = NO;
				GCC_NO_COMMON_BLOCKS = YES;
				GCC_OPTIMIZATION_LEVEL = 0;
				GCC_PREPROCESSOR_DEFINITIONS = (
					"DEBUG=1",
					"$(inherited)",
				);
				GCC_WARN_64_TO_32_BIT_CONVERSION = YES;
				GCC_WARN_ABOUT_RETURN_TYPE = YES_ERROR;
				GCC_WARN_UNDECLARED_SELECTOR = YES;
				GCC_WARN_UNINITIALIZED_AUTOS = YES_AGGRESSIVE;
				GCC_WARN_UNUSED_FUNCTION = YES;
				GCC_WARN_UNUSED_VARIABLE = YES;
				IPHONEOS_DEPLOYMENT_TARGET = 17.0;
				LOCALIZATION_PREFERS_STRING_CATALOGS = YES;
				MTL_ENABLE_DEBUG_INFO = INCLUDE_SOURCE;
				MTL_FAST_MATH = YES;
				ONLY_ACTIVE_ARCH = YES;
				SDKROOT = iphoneos;
				SWIFT_ACTIVE_COMPILATION_CONDITIONS = "DEBUG $(inherited)";
				SWIFT_OPTIMIZATION_LEVEL = "-Onone";
			};
			name = Debug;
		};
		719A5A282B37C13000E0524F /* Release */ = {
			isa = XCBuildConfiguration;
			buildSettings = {
				ALWAYS_SEARCH_USER_PATHS = NO;
				ASSETCATALOG_COMPILER_GENERATE_SWIFT_ASSET_SYMBOL_EXTENSIONS = YES;
				CLANG_ANALYZER_NONNULL = YES;
				CLANG_ANALYZER_NUMBER_OBJECT_CONVERSION = YES_AGGRESSIVE;
				CLANG_CXX_LANGUAGE_STANDARD = "gnu++20";
				CLANG_ENABLE_MODULES = YES;
				CLANG_ENABLE_OBJC_ARC = YES;
				CLANG_ENABLE_OBJC_WEAK = YES;
				CLANG_WARN_BLOCK_CAPTURE_AUTORELEASING = YES;
				CLANG_WARN_BOOL_CONVERSION = YES;
				CLANG_WARN_COMMA = YES;
				CLANG_WARN_CONSTANT_CONVERSION = YES;
				CLANG_WARN_DEPRECATED_OBJC_IMPLEMENTATIONS = YES;
				CLANG_WARN_DIRECT_OBJC_ISA_USAGE = YES_ERROR;
				CLANG_WARN_DOCUMENTATION_COMMENTS = YES;
				CLANG_WARN_EMPTY_BODY = YES;
				CLANG_WARN_ENUM_CONVERSION = YES;
				CLANG_WARN_INFINITE_RECURSION = YES;
				CLANG_WARN_INT_CONVERSION = YES;
				CLANG_WARN_NON_LITERAL_NULL_CONVERSION = YES;
				CLANG_WARN_OBJC_IMPLICIT_RETAIN_SELF = YES;
				CLANG_WARN_OBJC_LITERAL_CONVERSION = YES;
				CLANG_WARN_OBJC_ROOT_CLASS = YES_ERROR;
				CLANG_WARN_QUOTED_INCLUDE_IN_FRAMEWORK_HEADER = YES;
				CLANG_WARN_RANGE_LOOP_ANALYSIS = YES;
				CLANG_WARN_STRICT_PROTOTYPES = YES;
				CLANG_WARN_SUSPICIOUS_MOVE = YES;
				CLANG_WARN_UNGUARDED_AVAILABILITY = YES_AGGRESSIVE;
				CLANG_WARN_UNREACHABLE_CODE = YES;
				CLANG_WARN__DUPLICATE_METHOD_MATCH = YES;
				COPY_PHASE_STRIP = NO;
				DEBUG_INFORMATION_FORMAT = "dwarf-with-dsym";
				ENABLE_NS_ASSERTIONS = NO;
				ENABLE_STRICT_OBJC_MSGSEND = YES;
				ENABLE_USER_SCRIPT_SANDBOXING = YES;
				GCC_C_LANGUAGE_STANDARD = gnu17;
				GCC_NO_COMMON_BLOCKS = YES;
				GCC_WARN_64_TO_32_BIT_CONVERSION = YES;
				GCC_WARN_ABOUT_RETURN_TYPE = YES_ERROR;
				GCC_WARN_UNDECLARED_SELECTOR = YES;
				GCC_WARN_UNINITIALIZED_AUTOS = YES_AGGRESSIVE;
				GCC_WARN_UNUSED_FUNCTION = YES;
				GCC_WARN_UNUSED_VARIABLE = YES;
				IPHONEOS_DEPLOYMENT_TARGET = 17.0;
				LOCALIZATION_PREFERS_STRING_CATALOGS = YES;
				MTL_ENABLE_DEBUG_INFO = NO;
				MTL_FAST_MATH = YES;
				SDKROOT = iphoneos;
				SWIFT_COMPILATION_MODE = wholemodule;
				VALIDATE_PRODUCT = YES;
			};
			name = Release;
		};
		719A5A2A2B37C13000E0524F /* Debug */ = {
			isa = XCBuildConfiguration;
			buildSettings = {
				ALWAYS_EMBED_SWIFT_STANDARD_LIBRARIES = YES;
				ASSETCATALOG_COMPILER_APPICON_NAME = AppIcon;
				ASSETCATALOG_COMPILER_GLOBAL_ACCENT_COLOR_NAME = AccentColor;
				CODE_SIGN_STYLE = Automatic;
				CURRENT_PROJECT_VERSION = 1;
				DEVELOPMENT_ASSET_PATHS = "\"RepoWatcher/Preview Content\"";
				DEVELOPMENT_TEAM = 7VM5MRXF6F;
				ENABLE_PREVIEWS = YES;
				GENERATE_INFOPLIST_FILE = YES;
				INFOPLIST_KEY_UIApplicationSceneManifest_Generation = YES;
				INFOPLIST_KEY_UIApplicationSupportsIndirectInputEvents = YES;
				INFOPLIST_KEY_UILaunchScreen_Generation = YES;
				INFOPLIST_KEY_UISupportedInterfaceOrientations_iPad = "UIInterfaceOrientationPortrait UIInterfaceOrientationPortraitUpsideDown UIInterfaceOrientationLandscapeLeft UIInterfaceOrientationLandscapeRight";
				INFOPLIST_KEY_UISupportedInterfaceOrientations_iPhone = "UIInterfaceOrientationPortrait UIInterfaceOrientationLandscapeLeft UIInterfaceOrientationLandscapeRight";
				LD_RUNPATH_SEARCH_PATHS = (
					"$(inherited)",
					"@executable_path/Frameworks",
				);
				MARKETING_VERSION = 1.0;
				PRODUCT_BUNDLE_IDENTIFIER = dev.danilelelewis.RepoWatcher;
				PRODUCT_NAME = "$(TARGET_NAME)";
				SWIFT_EMIT_LOC_STRINGS = YES;
				SWIFT_VERSION = 5.0;
				TARGETED_DEVICE_FAMILY = "1,2";
			};
			name = Debug;
		};
		719A5A2B2B37C13000E0524F /* Release */ = {
			isa = XCBuildConfiguration;
			buildSettings = {
				ALWAYS_EMBED_SWIFT_STANDARD_LIBRARIES = YES;
				ASSETCATALOG_COMPILER_APPICON_NAME = AppIcon;
				ASSETCATALOG_COMPILER_GLOBAL_ACCENT_COLOR_NAME = AccentColor;
				CODE_SIGN_STYLE = Automatic;
				CURRENT_PROJECT_VERSION = 1;
				DEVELOPMENT_ASSET_PATHS = "\"RepoWatcher/Preview Content\"";
				DEVELOPMENT_TEAM = 7VM5MRXF6F;
				ENABLE_PREVIEWS = YES;
				GENERATE_INFOPLIST_FILE = YES;
				INFOPLIST_KEY_UIApplicationSceneManifest_Generation = YES;
				INFOPLIST_KEY_UIApplicationSupportsIndirectInputEvents = YES;
				INFOPLIST_KEY_UILaunchScreen_Generation = YES;
				INFOPLIST_KEY_UISupportedInterfaceOrientations_iPad = "UIInterfaceOrientationPortrait UIInterfaceOrientationPortraitUpsideDown UIInterfaceOrientationLandscapeLeft UIInterfaceOrientationLandscapeRight";
				INFOPLIST_KEY_UISupportedInterfaceOrientations_iPhone = "UIInterfaceOrientationPortrait UIInterfaceOrientationLandscapeLeft UIInterfaceOrientationLandscapeRight";
				LD_RUNPATH_SEARCH_PATHS = (
					"$(inherited)",
					"@executable_path/Frameworks",
				);
				MARKETING_VERSION = 1.0;
				PRODUCT_BUNDLE_IDENTIFIER = dev.danilelelewis.RepoWatcher;
				PRODUCT_NAME = "$(TARGET_NAME)";
				SWIFT_EMIT_LOC_STRINGS = YES;
				SWIFT_VERSION = 5.0;
				TARGETED_DEVICE_FAMILY = "1,2";
			};
			name = Release;
		};
		719A5A422B37C14900E0524F /* Debug */ = {
			isa = XCBuildConfiguration;
			buildSettings = {
				ASSETCATALOG_COMPILER_GLOBAL_ACCENT_COLOR_NAME = AccentColor;
				ASSETCATALOG_COMPILER_WIDGET_BACKGROUND_COLOR_NAME = WidgetBackground;
				CODE_SIGN_STYLE = Automatic;
				CURRENT_PROJECT_VERSION = 1;
				DEVELOPMENT_TEAM = 7VM5MRXF6F;
				GENERATE_INFOPLIST_FILE = YES;
				INFOPLIST_FILE = RepoWatcherWidget/Info.plist;
				INFOPLIST_KEY_CFBundleDisplayName = RepoWatcherWidget;
				INFOPLIST_KEY_NSHumanReadableCopyright = "";
				LD_RUNPATH_SEARCH_PATHS = (
					"$(inherited)",
					"@executable_path/Frameworks",
					"@executable_path/../../Frameworks",
				);
				MARKETING_VERSION = 1.0;
				PRODUCT_BUNDLE_IDENTIFIER = dev.danilelelewis.RepoWatcher.RepoWatcherWidget;
				PRODUCT_NAME = "$(TARGET_NAME)";
				SKIP_INSTALL = YES;
				SWIFT_EMIT_LOC_STRINGS = YES;
				SWIFT_VERSION = 5.0;
				TARGETED_DEVICE_FAMILY = "1,2";
			};
			name = Debug;
		};
		719A5A432B37C14900E0524F /* Release */ = {
			isa = XCBuildConfiguration;
			buildSettings = {
				ASSETCATALOG_COMPILER_GLOBAL_ACCENT_COLOR_NAME = AccentColor;
				ASSETCATALOG_COMPILER_WIDGET_BACKGROUND_COLOR_NAME = WidgetBackground;
				CODE_SIGN_STYLE = Automatic;
				CURRENT_PROJECT_VERSION = 1;
				DEVELOPMENT_TEAM = 7VM5MRXF6F;
				GENERATE_INFOPLIST_FILE = YES;
				INFOPLIST_FILE = RepoWatcherWidget/Info.plist;
				INFOPLIST_KEY_CFBundleDisplayName = RepoWatcherWidget;
				INFOPLIST_KEY_NSHumanReadableCopyright = "";
				LD_RUNPATH_SEARCH_PATHS = (
					"$(inherited)",
					"@executable_path/Frameworks",
					"@executable_path/../../Frameworks",
				);
				MARKETING_VERSION = 1.0;
				PRODUCT_BUNDLE_IDENTIFIER = dev.danilelelewis.RepoWatcher.RepoWatcherWidget;
				PRODUCT_NAME = "$(TARGET_NAME)";
				SKIP_INSTALL = YES;
				SWIFT_EMIT_LOC_STRINGS = YES;
				SWIFT_VERSION = 5.0;
				TARGETED_DEVICE_FAMILY = "1,2";
			};
			name = Release;
		};
/* End XCBuildConfiguration section */

/* Begin XCConfigurationList section */
		719A5A162B37C13000E0524F /* Build configuration list for PBXProject "RepoWatcher" */ = {
			isa = XCConfigurationList;
			buildConfigurations = (
				719A5A272B37C13000E0524F /* Debug */,
				719A5A282B37C13000E0524F /* Release */,
			);
			defaultConfigurationIsVisible = 0;
			defaultConfigurationName = Release;
		};
		719A5A292B37C13000E0524F /* Build configuration list for PBXNativeTarget "RepoWatcher" */ = {
			isa = XCConfigurationList;
			buildConfigurations = (
				719A5A2A2B37C13000E0524F /* Debug */,
				719A5A2B2B37C13000E0524F /* Release */,
			);
			defaultConfigurationIsVisible = 0;
			defaultConfigurationName = Release;
		};
		719A5A412B37C14900E0524F /* Build configuration list for PBXNativeTarget "RepoWatcherWidgetExtension" */ = {
			isa = XCConfigurationList;
			buildConfigurations = (
				719A5A422B37C14900E0524F /* Debug */,
				719A5A432B37C14900E0524F /* Release */,
			);
			defaultConfigurationIsVisible = 0;
			defaultConfigurationName = Release;
		};
/* End XCConfigurationList section */
	};
	rootObject = 719A5A132B37C13000E0524F /* Project object */;
}
